// !$*UTF8*$!
{
	archiveVersion = 1;
	classes = {
	};
	objectVersion = 46;
	objects = {

/* Begin PBXBuildFile section */
		6E0588C8154A6EAB00640C79 /* defaultAlbumArt.png in Resources */ = {isa = PBXBuildFile; fileRef = 6E0588C7154A6EAB00640C79 /* defaultAlbumArt.png */; };
		6E0588CA154A6FC300640C79 /* ITunesController.m in Sources */ = {isa = PBXBuildFile; fileRef = 6E0588CB154A6FC300640C79 /* ITunesController.m */; };
		6E0588D8154A741B00640C79 /* DeleteTrackViewController.m in Sources */ = {isa = PBXBuildFile; fileRef = 6E0588D7154A741B00640C79 /* DeleteTrackViewController.m */; };
		6E0FADBA154BED8700936F1C /* Help in Resources */ = {isa = PBXBuildFile; fileRef = 6E0FADB9154BED8700936F1C /* Help */; };
		6E0FADBE154BF1C000936F1C /* StatusMenuController.m in Sources */ = {isa = PBXBuildFile; fileRef = 6E0FADBC154BF1C000936F1C /* StatusMenuController.m */; };
		6E0FADC9154C025100936F1C /* StatusMenuView.xib in Resources */ = {isa = PBXBuildFile; fileRef = 6E0FADCB154C025100936F1C /* StatusMenuView.xib */; };
		6E117B4515497280002B8C44 /* Cocoa.framework in Frameworks */ = {isa = PBXBuildFile; fileRef = 6E117B4415497280002B8C44 /* Cocoa.framework */; };
		6E117B4F15497280002B8C44 /* InfoPlist.strings in Resources */ = {isa = PBXBuildFile; fileRef = 6E117B4D15497280002B8C44 /* InfoPlist.strings */; };
		6E117B5115497280002B8C44 /* main.m in Sources */ = {isa = PBXBuildFile; fileRef = 6E117B5015497280002B8C44 /* main.m */; };
		6E117B5515497280002B8C44 /* Credits.rtf in Resources */ = {isa = PBXBuildFile; fileRef = 6E117B5315497280002B8C44 /* Credits.rtf */; };
		6E117B5815497280002B8C44 /* EasyRaterAppDelegate.m in Sources */ = {isa = PBXBuildFile; fileRef = 6E117B5715497280002B8C44 /* EasyRaterAppDelegate.m */; };
		6E117B5B15497280002B8C44 /* MainMenu.xib in Resources */ = {isa = PBXBuildFile; fileRef = 6E117B5915497280002B8C44 /* MainMenu.xib */; };
		6E117B6315497280002B8C44 /* SenTestingKit.framework in Frameworks */ = {isa = PBXBuildFile; fileRef = 6E117B6215497280002B8C44 /* SenTestingKit.framework */; };
		6E117B6415497280002B8C44 /* Cocoa.framework in Frameworks */ = {isa = PBXBuildFile; fileRef = 6E117B4415497280002B8C44 /* Cocoa.framework */; };
		6E117B6C15497280002B8C44 /* InfoPlist.strings in Resources */ = {isa = PBXBuildFile; fileRef = 6E117B6A15497280002B8C44 /* InfoPlist.strings */; };
		6E117B6F15497280002B8C44 /* EasyRaterTests.m in Sources */ = {isa = PBXBuildFile; fileRef = 6E117B6E15497280002B8C44 /* EasyRaterTests.m */; };
		6E117B971549753C002B8C44 /* ratingStar1.png in Resources */ = {isa = PBXBuildFile; fileRef = 6E117B891549753C002B8C44 /* ratingStar1.png */; };
		6E117B981549753C002B8C44 /* ratingStar1Alt.png in Resources */ = {isa = PBXBuildFile; fileRef = 6E117B8A1549753C002B8C44 /* ratingStar1Alt.png */; };
		6E117B991549753C002B8C44 /* ratingStar2.png in Resources */ = {isa = PBXBuildFile; fileRef = 6E117B8B1549753C002B8C44 /* ratingStar2.png */; };
		6E117B9A1549753C002B8C44 /* ratingStar2Alt.png in Resources */ = {isa = PBXBuildFile; fileRef = 6E117B8C1549753C002B8C44 /* ratingStar2Alt.png */; };
		6E117B9B1549753C002B8C44 /* ratingStar3.png in Resources */ = {isa = PBXBuildFile; fileRef = 6E117B8D1549753C002B8C44 /* ratingStar3.png */; };
		6E117B9C1549753C002B8C44 /* ratingStar3Alt.png in Resources */ = {isa = PBXBuildFile; fileRef = 6E117B8E1549753C002B8C44 /* ratingStar3Alt.png */; };
		6E117B9D1549753C002B8C44 /* ratingStar4.png in Resources */ = {isa = PBXBuildFile; fileRef = 6E117B8F1549753C002B8C44 /* ratingStar4.png */; };
		6E117B9E1549753C002B8C44 /* ratingStar4Alt.png in Resources */ = {isa = PBXBuildFile; fileRef = 6E117B901549753C002B8C44 /* ratingStar4Alt.png */; };
		6E117B9F1549753C002B8C44 /* ratingStar5.png in Resources */ = {isa = PBXBuildFile; fileRef = 6E117B911549753C002B8C44 /* ratingStar5.png */; };
		6E117BA01549753C002B8C44 /* ratingStar5Alt.png in Resources */ = {isa = PBXBuildFile; fileRef = 6E117B921549753C002B8C44 /* ratingStar5Alt.png */; };
		6E117BA11549753C002B8C44 /* ratingStarUnknown.png in Resources */ = {isa = PBXBuildFile; fileRef = 6E117B931549753C002B8C44 /* ratingStarUnknown.png */; };
		6E117BA21549753C002B8C44 /* ratingStarUnknownAlt.png in Resources */ = {isa = PBXBuildFile; fileRef = 6E117B941549753C002B8C44 /* ratingStarUnknownAlt.png */; };
		6E117BA41549765F002B8C44 /* ScriptingBridge.framework in Frameworks */ = {isa = PBXBuildFile; fileRef = 6E117BA31549765F002B8C44 /* ScriptingBridge.framework */; };
		6E117BB815497715002B8C44 /* Localizable.strings in Resources */ = {isa = PBXBuildFile; fileRef = 6E117BB615497715002B8C44 /* Localizable.strings */; };
		6E117BBC1549785C002B8C44 /* icon.icns in Resources */ = {isa = PBXBuildFile; fileRef = 6E117BBB1549785C002B8C44 /* icon.icns */; };
		6E6A6AA7154B140400F55B59 /* DeleteTrackView.xib in Resources */ = {isa = PBXBuildFile; fileRef = 6E6A6AA9154B140400F55B59 /* DeleteTrackView.xib */; };
		6EF3D2601553FBE700B71E5A /* Site in Resources */ = {isa = PBXBuildFile; fileRef = 6EF3D25F1553FBE700B71E5A /* Site */; };
/* End PBXBuildFile section */

/* Begin PBXContainerItemProxy section */
		6E117B6515497280002B8C44 /* PBXContainerItemProxy */ = {
			isa = PBXContainerItemProxy;
			containerPortal = 6E117B3715497280002B8C44 /* Project object */;
			proxyType = 1;
			remoteGlobalIDString = 6E117B3F15497280002B8C44;
			remoteInfo = EasyRater;
		};
/* End PBXContainerItemProxy section */

/* Begin PBXFileReference section */
		6E0588C7154A6EAB00640C79 /* defaultAlbumArt.png */ = {isa = PBXFileReference; lastKnownFileType = image.png; name = defaultAlbumArt.png; path = Images/defaultAlbumArt.png; sourceTree = "<group>"; };
		6E0588CB154A6FC300640C79 /* ITunesController.m */ = {isa = PBXFileReference; lastKnownFileType = sourcecode.c.objc; path = ITunesController.m; sourceTree = "<group>"; };
		6E0588D6154A741B00640C79 /* DeleteTrackViewController.h */ = {isa = PBXFileReference; fileEncoding = 4; lastKnownFileType = sourcecode.c.h; path = DeleteTrackViewController.h; sourceTree = "<group>"; };
		6E0588D7154A741B00640C79 /* DeleteTrackViewController.m */ = {isa = PBXFileReference; fileEncoding = 4; lastKnownFileType = sourcecode.c.objc; path = DeleteTrackViewController.m; sourceTree = "<group>"; };
		6E0FADB9154BED8700936F1C /* Help */ = {isa = PBXFileReference; lastKnownFileType = folder; name = Help; path = EasyRater/Help; sourceTree = "<group>"; };
		6E0FADBB154BF1C000936F1C /* StatusMenuController.h */ = {isa = PBXFileReference; fileEncoding = 4; lastKnownFileType = sourcecode.c.h; path = StatusMenuController.h; sourceTree = "<group>"; };
		6E0FADBC154BF1C000936F1C /* StatusMenuController.m */ = {isa = PBXFileReference; fileEncoding = 4; lastKnownFileType = sourcecode.c.objc; path = StatusMenuController.m; sourceTree = "<group>"; };
		6E0FADCA154C025100936F1C /* en */ = {isa = PBXFileReference; lastKnownFileType = file.xib; name = en; path = en.lproj/StatusMenuView.xib; sourceTree = "<group>"; };
		6E0FADCC154C025D00936F1C /* af */ = {isa = PBXFileReference; lastKnownFileType = file.xib; name = af; path = af.lproj/StatusMenuView.xib; sourceTree = "<group>"; };
		6E117B4015497280002B8C44 /* EasyRater.app */ = {isa = PBXFileReference; explicitFileType = wrapper.application; includeInIndex = 0; path = EasyRater.app; sourceTree = BUILT_PRODUCTS_DIR; };
		6E117B4415497280002B8C44 /* Cocoa.framework */ = {isa = PBXFileReference; lastKnownFileType = wrapper.framework; name = Cocoa.framework; path = System/Library/Frameworks/Cocoa.framework; sourceTree = SDKROOT; };
		6E117B4715497280002B8C44 /* AppKit.framework */ = {isa = PBXFileReference; lastKnownFileType = wrapper.framework; name = AppKit.framework; path = System/Library/Frameworks/AppKit.framework; sourceTree = SDKROOT; };
		6E117B4815497280002B8C44 /* CoreData.framework */ = {isa = PBXFileReference; lastKnownFileType = wrapper.framework; name = CoreData.framework; path = System/Library/Frameworks/CoreData.framework; sourceTree = SDKROOT; };
		6E117B4915497280002B8C44 /* Foundation.framework */ = {isa = PBXFileReference; lastKnownFileType = wrapper.framework; name = Foundation.framework; path = System/Library/Frameworks/Foundation.framework; sourceTree = SDKROOT; };
		6E117B4C15497280002B8C44 /* EasyRater-Info.plist */ = {isa = PBXFileReference; lastKnownFileType = text.plist.xml; path = "EasyRater-Info.plist"; sourceTree = "<group>"; };
		6E117B4E15497280002B8C44 /* en */ = {isa = PBXFileReference; lastKnownFileType = text.plist.strings; name = en; path = en.lproj/InfoPlist.strings; sourceTree = "<group>"; };
		6E117B5015497280002B8C44 /* main.m */ = {isa = PBXFileReference; lastKnownFileType = sourcecode.c.objc; path = main.m; sourceTree = "<group>"; };
		6E117B5215497280002B8C44 /* EasyRater-Prefix.pch */ = {isa = PBXFileReference; lastKnownFileType = sourcecode.c.h; path = "EasyRater-Prefix.pch"; sourceTree = "<group>"; };
		6E117B5415497280002B8C44 /* en */ = {isa = PBXFileReference; lastKnownFileType = text.rtf; name = en; path = en.lproj/Credits.rtf; sourceTree = "<group>"; };
		6E117B5615497280002B8C44 /* EasyRaterAppDelegate.h */ = {isa = PBXFileReference; lastKnownFileType = sourcecode.c.h; path = EasyRaterAppDelegate.h; sourceTree = "<group>"; };
		6E117B5715497280002B8C44 /* EasyRaterAppDelegate.m */ = {isa = PBXFileReference; lastKnownFileType = sourcecode.c.objc; path = EasyRaterAppDelegate.m; sourceTree = "<group>"; };
		6E117B5A15497280002B8C44 /* en */ = {isa = PBXFileReference; lastKnownFileType = file.xib; name = en; path = en.lproj/MainMenu.xib; sourceTree = "<group>"; };
		6E117B6115497280002B8C44 /* EasyRaterTests.octest */ = {isa = PBXFileReference; explicitFileType = wrapper.cfbundle; includeInIndex = 0; path = EasyRaterTests.octest; sourceTree = BUILT_PRODUCTS_DIR; };
		6E117B6215497280002B8C44 /* SenTestingKit.framework */ = {isa = PBXFileReference; lastKnownFileType = wrapper.framework; name = SenTestingKit.framework; path = Library/Frameworks/SenTestingKit.framework; sourceTree = DEVELOPER_DIR; };
		6E117B6915497280002B8C44 /* EasyRaterTests-Info.plist */ = {isa = PBXFileReference; lastKnownFileType = text.plist.xml; path = "EasyRaterTests-Info.plist"; sourceTree = "<group>"; };
		6E117B6B15497280002B8C44 /* en */ = {isa = PBXFileReference; lastKnownFileType = text.plist.strings; name = en; path = en.lproj/InfoPlist.strings; sourceTree = "<group>"; };
		6E117B6D15497280002B8C44 /* EasyRaterTests.h */ = {isa = PBXFileReference; lastKnownFileType = sourcecode.c.h; path = EasyRaterTests.h; sourceTree = "<group>"; };
		6E117B6E15497280002B8C44 /* EasyRaterTests.m */ = {isa = PBXFileReference; lastKnownFileType = sourcecode.c.objc; path = EasyRaterTests.m; sourceTree = "<group>"; };
		6E117B80154974A1002B8C44 /* iTunes.h */ = {isa = PBXFileReference; fileEncoding = 4; lastKnownFileType = sourcecode.c.h; path = iTunes.h; sourceTree = "<group>"; };
		6E117B891549753C002B8C44 /* ratingStar1.png */ = {isa = PBXFileReference; lastKnownFileType = image.png; name = ratingStar1.png; path = Images/ratingStar1.png; sourceTree = "<group>"; };
		6E117B8A1549753C002B8C44 /* ratingStar1Alt.png */ = {isa = PBXFileReference; lastKnownFileType = image.png; name = ratingStar1Alt.png; path = Images/ratingStar1Alt.png; sourceTree = "<group>"; };
		6E117B8B1549753C002B8C44 /* ratingStar2.png */ = {isa = PBXFileReference; lastKnownFileType = image.png; name = ratingStar2.png; path = Images/ratingStar2.png; sourceTree = "<group>"; };
		6E117B8C1549753C002B8C44 /* ratingStar2Alt.png */ = {isa = PBXFileReference; lastKnownFileType = image.png; name = ratingStar2Alt.png; path = Images/ratingStar2Alt.png; sourceTree = "<group>"; };
		6E117B8D1549753C002B8C44 /* ratingStar3.png */ = {isa = PBXFileReference; lastKnownFileType = image.png; name = ratingStar3.png; path = Images/ratingStar3.png; sourceTree = "<group>"; };
		6E117B8E1549753C002B8C44 /* ratingStar3Alt.png */ = {isa = PBXFileReference; lastKnownFileType = image.png; name = ratingStar3Alt.png; path = Images/ratingStar3Alt.png; sourceTree = "<group>"; };
		6E117B8F1549753C002B8C44 /* ratingStar4.png */ = {isa = PBXFileReference; lastKnownFileType = image.png; name = ratingStar4.png; path = Images/ratingStar4.png; sourceTree = "<group>"; };
		6E117B901549753C002B8C44 /* ratingStar4Alt.png */ = {isa = PBXFileReference; lastKnownFileType = image.png; name = ratingStar4Alt.png; path = Images/ratingStar4Alt.png; sourceTree = "<group>"; };
		6E117B911549753C002B8C44 /* ratingStar5.png */ = {isa = PBXFileReference; lastKnownFileType = image.png; name = ratingStar5.png; path = Images/ratingStar5.png; sourceTree = "<group>"; };
		6E117B921549753C002B8C44 /* ratingStar5Alt.png */ = {isa = PBXFileReference; lastKnownFileType = image.png; name = ratingStar5Alt.png; path = Images/ratingStar5Alt.png; sourceTree = "<group>"; };
		6E117B931549753C002B8C44 /* ratingStarUnknown.png */ = {isa = PBXFileReference; lastKnownFileType = image.png; name = ratingStarUnknown.png; path = Images/ratingStarUnknown.png; sourceTree = "<group>"; };
		6E117B941549753C002B8C44 /* ratingStarUnknownAlt.png */ = {isa = PBXFileReference; lastKnownFileType = image.png; name = ratingStarUnknownAlt.png; path = Images/ratingStarUnknownAlt.png; sourceTree = "<group>"; };
		6E117BA31549765F002B8C44 /* ScriptingBridge.framework */ = {isa = PBXFileReference; lastKnownFileType = wrapper.framework; name = ScriptingBridge.framework; path = System/Library/Frameworks/ScriptingBridge.framework; sourceTree = SDKROOT; };
		6E117BB715497715002B8C44 /* en */ = {isa = PBXFileReference; fileEncoding = 10; lastKnownFileType = text.plist.strings; name = en; path = en.lproj/Localizable.strings; sourceTree = "<group>"; };
		6E117BB915497720002B8C44 /* af */ = {isa = PBXFileReference; fileEncoding = 10; lastKnownFileType = text.plist.strings; name = af; path = af.lproj/Localizable.strings; sourceTree = "<group>"; };
		6E117BBB1549785C002B8C44 /* icon.icns */ = {isa = PBXFileReference; lastKnownFileType = image.icns; name = icon.icns; path = ../icon.icns; sourceTree = "<group>"; };
		6E3FD14515499BFF006C4265 /* ITunesController.h */ = {isa = PBXFileReference; lastKnownFileType = sourcecode.c.h; path = ITunesController.h; sourceTree = "<group>"; };
		6E6A6AA8154B140400F55B59 /* en */ = {isa = PBXFileReference; lastKnownFileType = file.xib; name = en; path = en.lproj/DeleteTrackView.xib; sourceTree = "<group>"; };
		6E6A6AAB154B140B00F55B59 /* af */ = {isa = PBXFileReference; lastKnownFileType = file.xib; name = af; path = af.lproj/DeleteTrackView.xib; sourceTree = "<group>"; };
		6EF3D25F1553FBE700B71E5A /* Site */ = {isa = PBXFileReference; lastKnownFileType = folder; name = Site; path = EasyRater/Site; sourceTree = "<group>"; };
/* End PBXFileReference section */

/* Begin PBXFrameworksBuildPhase section */
		6E117B3D15497280002B8C44 /* Frameworks */ = {
			isa = PBXFrameworksBuildPhase;
			buildActionMask = 2147483647;
			files = (
				6E117BA41549765F002B8C44 /* ScriptingBridge.framework in Frameworks */,
				6E117B4515497280002B8C44 /* Cocoa.framework in Frameworks */,
			);
			runOnlyForDeploymentPostprocessing = 0;
		};
		6E117B5D15497280002B8C44 /* Frameworks */ = {
			isa = PBXFrameworksBuildPhase;
			buildActionMask = 2147483647;
			files = (
				6E117B6315497280002B8C44 /* SenTestingKit.framework in Frameworks */,
				6E117B6415497280002B8C44 /* Cocoa.framework in Frameworks */,
			);
			runOnlyForDeploymentPostprocessing = 0;
		};
/* End PBXFrameworksBuildPhase section */

/* Begin PBXGroup section */
		6E117B351549727F002B8C44 = {
			isa = PBXGroup;
			children = (
				6EF3D25F1553FBE700B71E5A /* Site */,
				6E0FADB9154BED8700936F1C /* Help */,
				6E117B4A15497280002B8C44 /* Sources */,
				6E117B6715497280002B8C44 /* Tests */,
				6E117B4315497280002B8C44 /* Frameworks */,
				6E117B4115497280002B8C44 /* Products */,
			);
			sourceTree = "<group>";
		};
		6E117B4115497280002B8C44 /* Products */ = {
			isa = PBXGroup;
			children = (
				6E117B4015497280002B8C44 /* EasyRater.app */,
				6E117B6115497280002B8C44 /* EasyRaterTests.octest */,
			);
			name = Products;
			sourceTree = "<group>";
		};
		6E117B4315497280002B8C44 /* Frameworks */ = {
			isa = PBXGroup;
			children = (
				6E117BA31549765F002B8C44 /* ScriptingBridge.framework */,
				6E117B4415497280002B8C44 /* Cocoa.framework */,
				6E117B6215497280002B8C44 /* SenTestingKit.framework */,
				6E117B4615497280002B8C44 /* Other Frameworks */,
			);
			name = Frameworks;
			sourceTree = "<group>";
		};
		6E117B4615497280002B8C44 /* Other Frameworks */ = {
			isa = PBXGroup;
			children = (
				6E117B4715497280002B8C44 /* AppKit.framework */,
				6E117B4815497280002B8C44 /* CoreData.framework */,
				6E117B4915497280002B8C44 /* Foundation.framework */,
			);
			name = "Other Frameworks";
			sourceTree = "<group>";
		};
		6E117B4A15497280002B8C44 /* Sources */ = {
			isa = PBXGroup;
			children = (
				6E117B7E15497479002B8C44 /* UI */,
				6E117B7D1549744D002B8C44 /* Gen */,
				6E117B7C15497447002B8C44 /* Controllers */,
				6E117B4B15497280002B8C44 /* Supporting Files */,
			);
			name = Sources;
			path = EasyRater;
			sourceTree = "<group>";
		};
		6E117B4B15497280002B8C44 /* Supporting Files */ = {
			isa = PBXGroup;
			children = (
				6E117BB615497715002B8C44 /* Localizable.strings */,
				6E117B4C15497280002B8C44 /* EasyRater-Info.plist */,
				6E117B4D15497280002B8C44 /* InfoPlist.strings */,
				6E117B5015497280002B8C44 /* main.m */,
				6E117B5215497280002B8C44 /* EasyRater-Prefix.pch */,
				6E117B5315497280002B8C44 /* Credits.rtf */,
			);
			name = "Supporting Files";
			sourceTree = "<group>";
		};
		6E117B6715497280002B8C44 /* Tests */ = {
			isa = PBXGroup;
			children = (
				6E117B6D15497280002B8C44 /* EasyRaterTests.h */,
				6E117B6E15497280002B8C44 /* EasyRaterTests.m */,
				6E117B6815497280002B8C44 /* Supporting Files */,
			);
			name = Tests;
			path = EasyRaterTests;
			sourceTree = "<group>";
		};
		6E117B6815497280002B8C44 /* Supporting Files */ = {
			isa = PBXGroup;
			children = (
				6E117B6915497280002B8C44 /* EasyRaterTests-Info.plist */,
				6E117B6A15497280002B8C44 /* InfoPlist.strings */,
			);
			name = "Supporting Files";
			sourceTree = "<group>";
		};
		6E117B7C15497447002B8C44 /* Controllers */ = {
			isa = PBXGroup;
			children = (
				6E0FADBB154BF1C000936F1C /* StatusMenuController.h */,
				6E0FADBC154BF1C000936F1C /* StatusMenuController.m */,
				6E3FD14515499BFF006C4265 /* ITunesController.h */,
				6E0588CB154A6FC300640C79 /* ITunesController.m */,
				6E117B5615497280002B8C44 /* EasyRaterAppDelegate.h */,
				6E117B5715497280002B8C44 /* EasyRaterAppDelegate.m */,
				6E0588D6154A741B00640C79 /* DeleteTrackViewController.h */,
				6E0588D7154A741B00640C79 /* DeleteTrackViewController.m */,
			);
			name = Controllers;
			sourceTree = "<group>";
		};
		6E117B7D1549744D002B8C44 /* Gen */ = {
			isa = PBXGroup;
			children = (
				6E117B80154974A1002B8C44 /* iTunes.h */,
			);
			name = Gen;
			sourceTree = "<group>";
		};
		6E117B7E15497479002B8C44 /* UI */ = {
			isa = PBXGroup;
			children = (
				6E117B7F1549747F002B8C44 /* Images */,
				6E117B5915497280002B8C44 /* MainMenu.xib */,
				6E6A6AA9154B140400F55B59 /* DeleteTrackView.xib */,
				6E0FADCB154C025100936F1C /* StatusMenuView.xib */,
			);
			name = UI;
			sourceTree = "<group>";
		};
		6E117B7F1549747F002B8C44 /* Images */ = {
			isa = PBXGroup;
			children = (
				6E0588C7154A6EAB00640C79 /* defaultAlbumArt.png */,
				6E117BBB1549785C002B8C44 /* icon.icns */,
				6E117B891549753C002B8C44 /* ratingStar1.png */,
				6E117B8A1549753C002B8C44 /* ratingStar1Alt.png */,
				6E117B8B1549753C002B8C44 /* ratingStar2.png */,
				6E117B8C1549753C002B8C44 /* ratingStar2Alt.png */,
				6E117B8D1549753C002B8C44 /* ratingStar3.png */,
				6E117B8E1549753C002B8C44 /* ratingStar3Alt.png */,
				6E117B8F1549753C002B8C44 /* ratingStar4.png */,
				6E117B901549753C002B8C44 /* ratingStar4Alt.png */,
				6E117B911549753C002B8C44 /* ratingStar5.png */,
				6E117B921549753C002B8C44 /* ratingStar5Alt.png */,
				6E117B931549753C002B8C44 /* ratingStarUnknown.png */,
				6E117B941549753C002B8C44 /* ratingStarUnknownAlt.png */,
			);
			name = Images;
			sourceTree = "<group>";
		};
/* End PBXGroup section */

/* Begin PBXNativeTarget section */
		6E117B3F15497280002B8C44 /* EasyRater */ = {
			isa = PBXNativeTarget;
			buildConfigurationList = 6E117B7215497280002B8C44 /* Build configuration list for PBXNativeTarget "EasyRater" */;
			buildPhases = (
				6E117B3C15497280002B8C44 /* Sources */,
				6E117B3D15497280002B8C44 /* Frameworks */,
				6E117B3E15497280002B8C44 /* Resources */,
			);
			buildRules = (
			);
			dependencies = (
			);
			name = EasyRater;
			productName = EasyRater;
			productReference = 6E117B4015497280002B8C44 /* EasyRater.app */;
			productType = "com.apple.product-type.application";
		};
		6E117B6015497280002B8C44 /* EasyRaterTests */ = {
			isa = PBXNativeTarget;
			buildConfigurationList = 6E117B7515497280002B8C44 /* Build configuration list for PBXNativeTarget "EasyRaterTests" */;
			buildPhases = (
				6E117B5C15497280002B8C44 /* Sources */,
				6E117B5D15497280002B8C44 /* Frameworks */,
				6E117B5E15497280002B8C44 /* Resources */,
				6E117B5F15497280002B8C44 /* ShellScript */,
			);
			buildRules = (
			);
			dependencies = (
				6E117B6615497280002B8C44 /* PBXTargetDependency */,
			);
			name = EasyRaterTests;
			productName = EasyRaterTests;
			productReference = 6E117B6115497280002B8C44 /* EasyRaterTests.octest */;
			productType = "com.apple.product-type.bundle";
		};
/* End PBXNativeTarget section */

/* Begin PBXProject section */
		6E117B3715497280002B8C44 /* Project object */ = {
			isa = PBXProject;
			attributes = {
				CLASSPREFIX = EasyRater;
				LastUpgradeCheck = 0430;
				ORGANIZATIONNAME = "leonardseymore@gmail.com";
			};
			buildConfigurationList = 6E117B3A15497280002B8C44 /* Build configuration list for PBXProject "EasyRater" */;
			compatibilityVersion = "Xcode 3.2";
			developmentRegion = English;
			hasScannedForEncodings = 0;
			knownRegions = (
				en,
				af,
			);
			mainGroup = 6E117B351549727F002B8C44;
			productRefGroup = 6E117B4115497280002B8C44 /* Products */;
			projectDirPath = "";
			projectRoot = "";
			targets = (
				6E117B3F15497280002B8C44 /* EasyRater */,
				6E117B6015497280002B8C44 /* EasyRaterTests */,
			);
		};
/* End PBXProject section */

/* Begin PBXResourcesBuildPhase section */
		6E117B3E15497280002B8C44 /* Resources */ = {
			isa = PBXResourcesBuildPhase;
			buildActionMask = 2147483647;
			files = (
				6E117B4F15497280002B8C44 /* InfoPlist.strings in Resources */,
				6E117B5515497280002B8C44 /* Credits.rtf in Resources */,
				6E117B5B15497280002B8C44 /* MainMenu.xib in Resources */,
				6E6A6AA7154B140400F55B59 /* DeleteTrackView.xib in Resources */,
				6E117B971549753C002B8C44 /* ratingStar1.png in Resources */,
				6E117B981549753C002B8C44 /* ratingStar1Alt.png in Resources */,
				6E117B991549753C002B8C44 /* ratingStar2.png in Resources */,
				6E117B9A1549753C002B8C44 /* ratingStar2Alt.png in Resources */,
				6E117B9B1549753C002B8C44 /* ratingStar3.png in Resources */,
				6E117B9C1549753C002B8C44 /* ratingStar3Alt.png in Resources */,
				6E117B9D1549753C002B8C44 /* ratingStar4.png in Resources */,
				6E117B9E1549753C002B8C44 /* ratingStar4Alt.png in Resources */,
				6E117B9F1549753C002B8C44 /* ratingStar5.png in Resources */,
				6E117BA01549753C002B8C44 /* ratingStar5Alt.png in Resources */,
				6E117BA11549753C002B8C44 /* ratingStarUnknown.png in Resources */,
				6E117BA21549753C002B8C44 /* ratingStarUnknownAlt.png in Resources */,
				6E117BB815497715002B8C44 /* Localizable.strings in Resources */,
				6E117BBC1549785C002B8C44 /* icon.icns in Resources */,
				6E0588C8154A6EAB00640C79 /* defaultAlbumArt.png in Resources */,
				6E0FADBA154BED8700936F1C /* Help in Resources */,
				6E0FADC9154C025100936F1C /* StatusMenuView.xib in Resources */,
				6EF3D2601553FBE700B71E5A /* Site in Resources */,
			);
			runOnlyForDeploymentPostprocessing = 0;
		};
		6E117B5E15497280002B8C44 /* Resources */ = {
			isa = PBXResourcesBuildPhase;
			buildActionMask = 2147483647;
			files = (
				6E117B6C15497280002B8C44 /* InfoPlist.strings in Resources */,
			);
			runOnlyForDeploymentPostprocessing = 0;
		};
/* End PBXResourcesBuildPhase section */

/* Begin PBXShellScriptBuildPhase section */
		6E117B5F15497280002B8C44 /* ShellScript */ = {
			isa = PBXShellScriptBuildPhase;
			buildActionMask = 2147483647;
			files = (
			);
			inputPaths = (
			);
			outputPaths = (
			);
			runOnlyForDeploymentPostprocessing = 0;
			shellPath = /bin/sh;
			shellScript = "# Run the unit tests in this test bundle.\n\"${SYSTEM_DEVELOPER_DIR}/Tools/RunUnitTests\"\n";
		};
/* End PBXShellScriptBuildPhase section */

/* Begin PBXSourcesBuildPhase section */
		6E117B3C15497280002B8C44 /* Sources */ = {
			isa = PBXSourcesBuildPhase;
			buildActionMask = 2147483647;
			files = (
				6E117B5115497280002B8C44 /* main.m in Sources */,
				6E117B5815497280002B8C44 /* EasyRaterAppDelegate.m in Sources */,
				6E0588CA154A6FC300640C79 /* ITunesController.m in Sources */,
				6E0588D8154A741B00640C79 /* DeleteTrackViewController.m in Sources */,
				6E0FADBE154BF1C000936F1C /* StatusMenuController.m in Sources */,
			);
			runOnlyForDeploymentPostprocessing = 0;
		};
		6E117B5C15497280002B8C44 /* Sources */ = {
			isa = PBXSourcesBuildPhase;
			buildActionMask = 2147483647;
			files = (
				6E117B6F15497280002B8C44 /* EasyRaterTests.m in Sources */,
			);
			runOnlyForDeploymentPostprocessing = 0;
		};
/* End PBXSourcesBuildPhase section */

/* Begin PBXTargetDependency section */
		6E117B6615497280002B8C44 /* PBXTargetDependency */ = {
			isa = PBXTargetDependency;
			target = 6E117B3F15497280002B8C44 /* EasyRater */;
			targetProxy = 6E117B6515497280002B8C44 /* PBXContainerItemProxy */;
		};
/* End PBXTargetDependency section */

/* Begin PBXVariantGroup section */
		6E0FADCB154C025100936F1C /* StatusMenuView.xib */ = {
			isa = PBXVariantGroup;
			children = (
				6E0FADCA154C025100936F1C /* en */,
				6E0FADCC154C025D00936F1C /* af */,
			);
			name = StatusMenuView.xib;
			sourceTree = "<group>";
		};
		6E117B4D15497280002B8C44 /* InfoPlist.strings */ = {
			isa = PBXVariantGroup;
			children = (
				6E117B4E15497280002B8C44 /* en */,
			);
			name = InfoPlist.strings;
			sourceTree = "<group>";
		};
		6E117B5315497280002B8C44 /* Credits.rtf */ = {
			isa = PBXVariantGroup;
			children = (
				6E117B5415497280002B8C44 /* en */,
			);
			name = Credits.rtf;
			sourceTree = "<group>";
		};
		6E117B5915497280002B8C44 /* MainMenu.xib */ = {
			isa = PBXVariantGroup;
			children = (
				6E117B5A15497280002B8C44 /* en */,
			);
			name = MainMenu.xib;
			sourceTree = "<group>";
		};
		6E117B6A15497280002B8C44 /* InfoPlist.strings */ = {
			isa = PBXVariantGroup;
			children = (
				6E117B6B15497280002B8C44 /* en */,
			);
			name = InfoPlist.strings;
			sourceTree = "<group>";
		};
		6E117BB615497715002B8C44 /* Localizable.strings */ = {
			isa = PBXVariantGroup;
			children = (
				6E117BB715497715002B8C44 /* en */,
				6E117BB915497720002B8C44 /* af */,
			);
			name = Localizable.strings;
			sourceTree = "<group>";
		};
		6E6A6AA9154B140400F55B59 /* DeleteTrackView.xib */ = {
			isa = PBXVariantGroup;
			children = (
				6E6A6AA8154B140400F55B59 /* en */,
				6E6A6AAB154B140B00F55B59 /* af */,
			);
			name = DeleteTrackView.xib;
			sourceTree = "<group>";
		};
/* End PBXVariantGroup section */

/* Begin XCBuildConfiguration section */
		6E117B7015497280002B8C44 /* Debug */ = {
			isa = XCBuildConfiguration;
			buildSettings = {
				ALWAYS_SEARCH_USER_PATHS = NO;
				ARCHS = "$(ARCHS_STANDARD_64_BIT)";
				CLANG_ENABLE_OBJC_ARC = YES;
				COPY_PHASE_STRIP = NO;
				GCC_C_LANGUAGE_STANDARD = gnu99;
				GCC_DYNAMIC_NO_PIC = NO;
				GCC_ENABLE_OBJC_EXCEPTIONS = YES;
				GCC_OPTIMIZATION_LEVEL = 0;
				GCC_PREPROCESSOR_DEFINITIONS = (
					"DEBUG=1",
					"$(inherited)",
				);
				GCC_SYMBOLS_PRIVATE_EXTERN = NO;
				GCC_VERSION = com.apple.compilers.llvm.clang.1_0;
				GCC_WARN_64_TO_32_BIT_CONVERSION = YES;
				GCC_WARN_ABOUT_RETURN_TYPE = YES;
				GCC_WARN_UNINITIALIZED_AUTOS = YES;
				GCC_WARN_UNUSED_VARIABLE = YES;
				MACOSX_DEPLOYMENT_TARGET = 10.7;
				ONLY_ACTIVE_ARCH = YES;
				SDKROOT = macosx;
			};
			name = Debug;
		};
		6E117B7115497280002B8C44 /* Release */ = {
			isa = XCBuildConfiguration;
			buildSettings = {
				ALWAYS_SEARCH_USER_PATHS = NO;
				ARCHS = "$(ARCHS_STANDARD_64_BIT)";
				CLANG_ENABLE_OBJC_ARC = YES;
				COPY_PHASE_STRIP = YES;
				DEBUG_INFORMATION_FORMAT = "dwarf-with-dsym";
				GCC_C_LANGUAGE_STANDARD = gnu99;
				GCC_ENABLE_OBJC_EXCEPTIONS = YES;
				GCC_VERSION = com.apple.compilers.llvm.clang.1_0;
				GCC_WARN_64_TO_32_BIT_CONVERSION = YES;
				GCC_WARN_ABOUT_RETURN_TYPE = YES;
				GCC_WARN_UNINITIALIZED_AUTOS = YES;
				GCC_WARN_UNUSED_VARIABLE = YES;
				MACOSX_DEPLOYMENT_TARGET = 10.7;
				SDKROOT = macosx;
			};
			name = Release;
		};
		6E117B7315497280002B8C44 /* Debug */ = {
			isa = XCBuildConfiguration;
			buildSettings = {
				CODE_SIGN_IDENTITY = "Mac Developer";
				GCC_PRECOMPILE_PREFIX_HEADER = YES;
				GCC_PREFIX_HEADER = "EasyRater/EasyRater-Prefix.pch";
				INFOPLIST_FILE = "EasyRater/EasyRater-Info.plist";
				PRODUCT_NAME = "$(TARGET_NAME)";
				PROVISIONING_PROFILE = "";
				WRAPPER_EXTENSION = app;
			};
			name = Debug;
		};
		6E117B7415497280002B8C44 /* Release */ = {
			isa = XCBuildConfiguration;
			buildSettings = {
				CODE_SIGN_IDENTITY = "Mac Developer";
				GCC_PRECOMPILE_PREFIX_HEADER = YES;
				GCC_PREFIX_HEADER = "EasyRater/EasyRater-Prefix.pch";
				INFOPLIST_FILE = "EasyRater/EasyRater-Info.plist";
				ONLY_ACTIVE_ARCH = YES;
				PRODUCT_NAME = "$(TARGET_NAME)";
				PROVISIONING_PROFILE = "";
				WRAPPER_EXTENSION = app;
			};
			name = Release;
		};
		6E117B7615497280002B8C44 /* Debug */ = {
			isa = XCBuildConfiguration;
			buildSettings = {
				BUNDLE_LOADER = "$(BUILT_PRODUCTS_DIR)/EasyRater.app/Contents/MacOS/EasyRater";
				FRAMEWORK_SEARCH_PATHS = "$(DEVELOPER_LIBRARY_DIR)/Frameworks";
				GCC_PRECOMPILE_PREFIX_HEADER = YES;
				GCC_PREFIX_HEADER = "EasyRater/EasyRater-Prefix.pch";
				INFOPLIST_FILE = "EasyRaterTests/EasyRaterTests-Info.plist";
				PRODUCT_NAME = "$(TARGET_NAME)";
				TEST_HOST = "$(BUNDLE_LOADER)";
				WRAPPER_EXTENSION = octest;
			};
			name = Debug;
		};
		6E117B7715497280002B8C44 /* Release */ = {
			isa = XCBuildConfiguration;
			buildSettings = {
				BUNDLE_LOADER = "$(BUILT_PRODUCTS_DIR)/EasyRater.app/Contents/MacOS/EasyRater";
				FRAMEWORK_SEARCH_PATHS = "$(DEVELOPER_LIBRARY_DIR)/Frameworks";
				GCC_PRECOMPILE_PREFIX_HEADER = YES;
				GCC_PREFIX_HEADER = "EasyRater/EasyRater-Prefix.pch";
				INFOPLIST_FILE = "EasyRaterTests/EasyRaterTests-Info.plist";
				PRODUCT_NAME = "$(TARGET_NAME)";
				TEST_HOST = "$(BUNDLE_LOADER)";
				WRAPPER_EXTENSION = octest;
			};
			name = Release;
		};
/* End XCBuildConfiguration section */

/* Begin XCConfigurationList section */
		6E117B3A15497280002B8C44 /* Build configuration list for PBXProject "EasyRater" */ = {
			isa = XCConfigurationList;
			buildConfigurations = (
				6E117B7015497280002B8C44 /* Debug */,
				6E117B7115497280002B8C44 /* Release */,
			);
			defaultConfigurationIsVisible = 0;
			defaultConfigurationName = Release;
		};
		6E117B7215497280002B8C44 /* Build configuration list for PBXNativeTarget "EasyRater" */ = {
			isa = XCConfigurationList;
			buildConfigurations = (
				6E117B7315497280002B8C44 /* Debug */,
				6E117B7415497280002B8C44 /* Release */,
			);
			defaultConfigurationIsVisible = 0;
			defaultConfigurationName = Release;
		};
		6E117B7515497280002B8C44 /* Build configuration list for PBXNativeTarget "EasyRaterTests" */ = {
			isa = XCConfigurationList;
			buildConfigurations = (
				6E117B7615497280002B8C44 /* Debug */,
				6E117B7715497280002B8C44 /* Release */,
			);
			defaultConfigurationIsVisible = 0;
			defaultConfigurationName = Release;
		};
/* End XCConfigurationList section */
	};
	rootObject = 6E117B3715497280002B8C44 /* Project object */;
}
